
Microsoft Visual Studio Solution File, Format Version 12.00
# Visual Studio 15
VisualStudioVersion = 15.0.27130.2010
MinimumVisualStudioVersion = 10.0.40219.1
Project("{FAE04EC0-301F-11D3-BF4B-00C04F79EFBC}") = "JavaAggregationServer", "JavaAggregationServer\JavaAggregationServer.csproj", "{701DDF1F-EB96-4C53-97D8-633547AEDC45}"
EndProject
Global
	GlobalSection(SolutionConfigurationPlatforms) = preSolution
		Debug|Any CPU = Debug|Any CPU
		Release|Any CPU = Release|Any CPU
	EndGlobalSection
	GlobalSection(ProjectConfigurationPlatforms) = postSolution
		{701DDF1F-EB96-4C53-97D8-633547AEDC45}.Debug|Any CPU.ActiveCfg = Debug|Any CPU
		{701DDF1F-EB96-4C53-97D8-633547AEDC45}.Debug|Any CPU.Build.0 = Debug|Any CPU
		{701DDF1F-EB96-4C53-97D8-633547AEDC45}.Release|Any CPU.ActiveCfg = Release|Any CPU
		{701DDF1F-EB96-4C53-97D8-633547AEDC45}.Release|Any CPU.Build.0 = Release|Any CPU
	EndGlobalSection
	GlobalSection(SolutionProperties) = preSolution
		HideSolutionNode = FALSE
	EndGlobalSection
	GlobalSection(ExtensibilityGlobals) = postSolution
		SolutionGuid = {4E7B9CE7-9D8F-4F5C-B2F9-0833351461DE}
	EndGlobalSection
EndGlobal
